
Microsoft Visual Studio Solution File, Format Version 12.00
# Visual Studio 14
VisualStudioVersion = 14.0.24720.0
MinimumVisualStudioVersion = 10.0.40219.1
Project("{FAE04EC0-301F-11D3-BF4B-00C04F79EFBC}") = "Flover", "AccordTests\Flover.csproj", "{D376377B-1893-48F5-ABB3-7135DEB8F278}"
EndProject
Project("{8BB2217D-0F2D-49D1-97BC-3654ED321F3B}") = "FloverWebApp", "FloverWebApp\FloverWebApp.xproj", "{DBCA9DA0-24C0-40A0-8A41-B0C417983154}"
EndProject
Global
	GlobalSection(SolutionConfigurationPlatforms) = preSolution
		Debug|Any CPU = Debug|Any CPU
		NET35|Any CPU = NET35|Any CPU
		NET40|Any CPU = NET40|Any CPU
		NET45|Any CPU = NET45|Any CPU
		Release|Any CPU = Release|Any CPU
	EndGlobalSection
	GlobalSection(ProjectConfigurationPlatforms) = postSolution
		{D376377B-1893-48F5-ABB3-7135DEB8F278}.Debug|Any CPU.ActiveCfg = Debug|Any CPU
		{D376377B-1893-48F5-ABB3-7135DEB8F278}.Debug|Any CPU.Build.0 = Debug|Any CPU
		{D376377B-1893-48F5-ABB3-7135DEB8F278}.NET35|Any CPU.ActiveCfg = Release|Any CPU
		{D376377B-1893-48F5-ABB3-7135DEB8F278}.NET35|Any CPU.Build.0 = Release|Any CPU
		{D376377B-1893-48F5-ABB3-7135DEB8F278}.NET40|Any CPU.ActiveCfg = Release|Any CPU
		{D376377B-1893-48F5-ABB3-7135DEB8F278}.NET40|Any CPU.Build.0 = Release|Any CPU
		{D376377B-1893-48F5-ABB3-7135DEB8F278}.NET45|Any CPU.ActiveCfg = Release|Any CPU
		{D376377B-1893-48F5-ABB3-7135DEB8F278}.NET45|Any CPU.Build.0 = Release|Any CPU
		{D376377B-1893-48F5-ABB3-7135DEB8F278}.Release|Any CPU.ActiveCfg = Release|Any CPU
		{D376377B-1893-48F5-ABB3-7135DEB8F278}.Release|Any CPU.Build.0 = Release|Any CPU
		{DBCA9DA0-24C0-40A0-8A41-B0C417983154}.Debug|Any CPU.ActiveCfg = Debug|Any CPU
		{DBCA9DA0-24C0-40A0-8A41-B0C417983154}.Debug|Any CPU.Build.0 = Debug|Any CPU
		{DBCA9DA0-24C0-40A0-8A41-B0C417983154}.NET35|Any CPU.ActiveCfg = Release|Any CPU
		{DBCA9DA0-24C0-40A0-8A41-B0C417983154}.NET35|Any CPU.Build.0 = Release|Any CPU
		{DBCA9DA0-24C0-40A0-8A41-B0C417983154}.NET40|Any CPU.ActiveCfg = Release|Any CPU
		{DBCA9DA0-24C0-40A0-8A41-B0C417983154}.NET40|Any CPU.Build.0 = Release|Any CPU
		{DBCA9DA0-24C0-40A0-8A41-B0C417983154}.NET45|Any CPU.ActiveCfg = Release|Any CPU
		{DBCA9DA0-24C0-40A0-8A41-B0C417983154}.NET45|Any CPU.Build.0 = Release|Any CPU
		{DBCA9DA0-24C0-40A0-8A41-B0C417983154}.Release|Any CPU.ActiveCfg = Release|Any CPU
		{DBCA9DA0-24C0-40A0-8A41-B0C417983154}.Release|Any CPU.Build.0 = Release|Any CPU
	EndGlobalSection
	GlobalSection(SolutionProperties) = preSolution
		HideSolutionNode = FALSE
	EndGlobalSection
EndGlobal
